
Microsoft Visual Studio Solution File, Format Version 12.00
# Visual Studio Version 17
VisualStudioVersion = 17.8.34511.84
MinimumVisualStudioVersion = 10.0.40219.1
Project("{FAE04EC0-301F-11D3-BF4B-00C04F79EFBC}") = "practise3", "practise3\practise3.csproj", "{BFD24EA2-60FE-4248-9CA2-155DA4FF14D7}"
EndProject
Global
	GlobalSection(SolutionConfigurationPlatforms) = preSolution
		Debug|Any CPU = Debug|Any CPU
		Release|Any CPU = Release|Any CPU
	EndGlobalSection
	GlobalSection(ProjectConfigurationPlatforms) = postSolution
		{BFD24EA2-60FE-4248-9CA2-155DA4FF14D7}.Debug|Any CPU.ActiveCfg = Debug|Any CPU
		{BFD24EA2-60FE-4248-9CA2-155DA4FF14D7}.Debug|Any CPU.Build.0 = Debug|Any CPU
		{BFD24EA2-60FE-4248-9CA2-155DA4FF14D7}.Release|Any CPU.ActiveCfg = Release|Any CPU
		{BFD24EA2-60FE-4248-9CA2-155DA4FF14D7}.Release|Any CPU.Build.0 = Release|Any CPU
	EndGlobalSection
	GlobalSection(SolutionProperties) = preSolution
		HideSolutionNode = FALSE
	EndGlobalSection
	GlobalSection(ExtensibilityGlobals) = postSolution
		SolutionGuid = {B09B153D-92F6-4522-B89D-51026CD5FF31}
	EndGlobalSection
EndGlobal
